
Microsoft Visual Studio Solution File, Format Version 12.00
# Visual Studio Version 17
VisualStudioVersion = 17.7.34221.43
MinimumVisualStudioVersion = 10.0.40219.1
Project("{FAE04EC0-301F-11D3-BF4B-00C04F79EFBC}") = "TransportLDN", "TransportLDN.csproj", "{7A8E0CD1-4A03-48AE-B52F-DFADFF22A4EF}"
EndProject
Global
	GlobalSection(SolutionConfigurationPlatforms) = preSolution
		Debug|Any CPU = Debug|Any CPU
		Release|Any CPU = Release|Any CPU
	EndGlobalSection
	GlobalSection(ProjectConfigurationPlatforms) = postSolution
		{7A8E0CD1-4A03-48AE-B52F-DFADFF22A4EF}.Debug|Any CPU.ActiveCfg = Debug|Any CPU
		{7A8E0CD1-4A03-48AE-B52F-DFADFF22A4EF}.Debug|Any CPU.Build.0 = Debug|Any CPU
		{7A8E0CD1-4A03-48AE-B52F-DFADFF22A4EF}.Release|Any CPU.ActiveCfg = Release|Any CPU
		{7A8E0CD1-4A03-48AE-B52F-DFADFF22A4EF}.Release|Any CPU.Build.0 = Release|Any CPU
	EndGlobalSection
	GlobalSection(SolutionProperties) = preSolution
		HideSolutionNode = FALSE
	EndGlobalSection
	GlobalSection(ExtensibilityGlobals) = postSolution
		SolutionGuid = {CC2E7AE8-65D9-4D04-9A48-4B6F43644EAA}
	EndGlobalSection
EndGlobal
